
Microsoft Visual Studio Solution File, Format Version 12.00
# Visual Studio Version 17
VisualStudioVersion = 17.9.34728.123
MinimumVisualStudioVersion = 10.0.40219.1
Project("{FAE04EC0-301F-11D3-BF4B-00C04F79EFBC}") = "TechnicalProductsStore", "TechnicalProductsStore.csproj", "{933CC958-DDCC-42FB-8DDB-8880958AC555}"
EndProject
Global
	GlobalSection(SolutionConfigurationPlatforms) = preSolution
		Debug|Any CPU = Debug|Any CPU
		Release|Any CPU = Release|Any CPU
	EndGlobalSection
	GlobalSection(ProjectConfigurationPlatforms) = postSolution
		{933CC958-DDCC-42FB-8DDB-8880958AC555}.Debug|Any CPU.ActiveCfg = Debug|Any CPU
		{933CC958-DDCC-42FB-8DDB-8880958AC555}.Debug|Any CPU.Build.0 = Debug|Any CPU
		{933CC958-DDCC-42FB-8DDB-8880958AC555}.Release|Any CPU.ActiveCfg = Release|Any CPU
		{933CC958-DDCC-42FB-8DDB-8880958AC555}.Release|Any CPU.Build.0 = Release|Any CPU
	EndGlobalSection
	GlobalSection(SolutionProperties) = preSolution
		HideSolutionNode = FALSE
	EndGlobalSection
	GlobalSection(ExtensibilityGlobals) = postSolution
		SolutionGuid = {2CB51FAE-C210-47BE-B506-0459AAC21AB8}
	EndGlobalSection
EndGlobal
